
Microsoft Visual Studio Solution File, Format Version 12.00
# Visual Studio 15
VisualStudioVersion = 15.0.28010.2046
MinimumVisualStudioVersion = 10.0.40219.1
Project("{888888A0-9F3D-457C-B088-3A5042F75D52}") = "Python practice", "Python practice\Python practice.pyproj", "{B356BACB-9920-4DD9-895F-DEF0BCAD46CA}"
EndProject
Global
	GlobalSection(SolutionConfigurationPlatforms) = preSolution
		Debug|Any CPU = Debug|Any CPU
		Release|Any CPU = Release|Any CPU
	EndGlobalSection
	GlobalSection(ProjectConfigurationPlatforms) = postSolution
		{B356BACB-9920-4DD9-895F-DEF0BCAD46CA}.Debug|Any CPU.ActiveCfg = Debug|Any CPU
		{B356BACB-9920-4DD9-895F-DEF0BCAD46CA}.Release|Any CPU.ActiveCfg = Release|Any CPU
	EndGlobalSection
	GlobalSection(SolutionProperties) = preSolution
		HideSolutionNode = FALSE
	EndGlobalSection
	GlobalSection(ExtensibilityGlobals) = postSolution
		SolutionGuid = {EE808893-87B4-420E-AD5B-9B1A25D6ED80}
	EndGlobalSection
EndGlobal
